<Solution>
  <Project Path="Assembly-CSharp.csproj" />
  <Project Path="Unity.CastVisualizer.Editor.csproj" />
  <Project Path="Assembly-CSharp-Editor.csproj" />
  <Project Path="Masking.Runtime.csproj" />
  <Project Path="Unity.CastVisualizer.Runtime.csproj" />
  <Project Path="Masking.Editor.csproj" />
</Solution>
